
Microsoft Visual Studio Solution File, Format Version 12.00
# Visual Studio Version 16
VisualStudioVersion = 16.0.30517.126
MinimumVisualStudioVersion = 10.0.40219.1
Project("{FAE04EC0-301F-11D3-BF4B-00C04F79EFBC}") = "Chat App", "Chat App.csproj", "{AAACEBB9-2A20-4C90-9FFE-006164E9D46A}"
EndProject
Global
	GlobalSection(SolutionConfigurationPlatforms) = preSolution
		Debug|Any CPU = Debug|Any CPU
		Release|Any CPU = Release|Any CPU
	EndGlobalSection
	GlobalSection(ProjectConfigurationPlatforms) = postSolution
		{AAACEBB9-2A20-4C90-9FFE-006164E9D46A}.Debug|Any CPU.ActiveCfg = Debug|Any CPU
		{AAACEBB9-2A20-4C90-9FFE-006164E9D46A}.Debug|Any CPU.Build.0 = Debug|Any CPU
		{AAACEBB9-2A20-4C90-9FFE-006164E9D46A}.Release|Any CPU.ActiveCfg = Release|Any CPU
		{AAACEBB9-2A20-4C90-9FFE-006164E9D46A}.Release|Any CPU.Build.0 = Release|Any CPU
	EndGlobalSection
	GlobalSection(SolutionProperties) = preSolution
		HideSolutionNode = FALSE
	EndGlobalSection
	GlobalSection(ExtensibilityGlobals) = postSolution
		SolutionGuid = {D89E9E03-F427-4C52-9074-DF52DB4F75EA}
	EndGlobalSection
EndGlobal
