
Microsoft Visual Studio Solution File, Format Version 12.00
# Visual Studio Version 16
VisualStudioVersion = 16.0.31019.35
MinimumVisualStudioVersion = 10.0.40219.1
Project("{FAE04EC0-301F-11D3-BF4B-00C04F79EFBC}") = "ModelDevelopmentProject", "ModelDevelopmentProject\ModelDevelopmentProject.csproj", "{03B47E6A-8BEF-4D7A-91B2-131785F00008}"
EndProject
Project("{FAE04EC0-301F-11D3-BF4B-00C04F79EFBC}") = "Model", "..\Model\Model\Model.csproj", "{D1DBEDA2-3E92-44D2-A4F8-CDB9C42243AD}"
EndProject
Project("{FAE04EC0-301F-11D3-BF4B-00C04F79EFBC}") = "ModelUnitsTest", "ModelUnitsTest\ModelUnitsTest.csproj", "{DE9D0A4E-C2C0-497E-8981-D4E46FE96CFC}"
EndProject
Global
	GlobalSection(SolutionConfigurationPlatforms) = preSolution
		Debug|Any CPU = Debug|Any CPU
		Release|Any CPU = Release|Any CPU
	EndGlobalSection
	GlobalSection(ProjectConfigurationPlatforms) = postSolution
		{03B47E6A-8BEF-4D7A-91B2-131785F00008}.Debug|Any CPU.ActiveCfg = Debug|Any CPU
		{03B47E6A-8BEF-4D7A-91B2-131785F00008}.Debug|Any CPU.Build.0 = Debug|Any CPU
		{03B47E6A-8BEF-4D7A-91B2-131785F00008}.Release|Any CPU.ActiveCfg = Release|Any CPU
		{03B47E6A-8BEF-4D7A-91B2-131785F00008}.Release|Any CPU.Build.0 = Release|Any CPU
		{D1DBEDA2-3E92-44D2-A4F8-CDB9C42243AD}.Debug|Any CPU.ActiveCfg = Debug|Any CPU
		{D1DBEDA2-3E92-44D2-A4F8-CDB9C42243AD}.Debug|Any CPU.Build.0 = Debug|Any CPU
		{D1DBEDA2-3E92-44D2-A4F8-CDB9C42243AD}.Release|Any CPU.ActiveCfg = Release|Any CPU
		{D1DBEDA2-3E92-44D2-A4F8-CDB9C42243AD}.Release|Any CPU.Build.0 = Release|Any CPU
		{DE9D0A4E-C2C0-497E-8981-D4E46FE96CFC}.Debug|Any CPU.ActiveCfg = Debug|Any CPU
		{DE9D0A4E-C2C0-497E-8981-D4E46FE96CFC}.Debug|Any CPU.Build.0 = Debug|Any CPU
		{DE9D0A4E-C2C0-497E-8981-D4E46FE96CFC}.Release|Any CPU.ActiveCfg = Release|Any CPU
		{DE9D0A4E-C2C0-497E-8981-D4E46FE96CFC}.Release|Any CPU.Build.0 = Release|Any CPU
	EndGlobalSection
	GlobalSection(SolutionProperties) = preSolution
		HideSolutionNode = FALSE
	EndGlobalSection
	GlobalSection(ExtensibilityGlobals) = postSolution
		SolutionGuid = {0C5637E8-FEDC-4FC1-9E08-E7F5ABE427ED}
	EndGlobalSection
EndGlobal
