
Microsoft Visual Studio Solution File, Format Version 12.00
# Visual Studio Version 16
VisualStudioVersion = 16.0.31019.35
MinimumVisualStudioVersion = 10.0.40219.1
Project("{FAE04EC0-301F-11D3-BF4B-00C04F79EFBC}") = "ProxyServer", "ProxyServer\ProxyServer.csproj", "{ADF52DD5-8314-4A16-BEDA-A61E622FF1CF}"
EndProject
Global
	GlobalSection(SolutionConfigurationPlatforms) = preSolution
		Debug|Any CPU = Debug|Any CPU
		Release|Any CPU = Release|Any CPU
	EndGlobalSection
	GlobalSection(ProjectConfigurationPlatforms) = postSolution
		{ADF52DD5-8314-4A16-BEDA-A61E622FF1CF}.Debug|Any CPU.ActiveCfg = Debug|Any CPU
		{ADF52DD5-8314-4A16-BEDA-A61E622FF1CF}.Debug|Any CPU.Build.0 = Debug|Any CPU
		{ADF52DD5-8314-4A16-BEDA-A61E622FF1CF}.Release|Any CPU.ActiveCfg = Release|Any CPU
		{ADF52DD5-8314-4A16-BEDA-A61E622FF1CF}.Release|Any CPU.Build.0 = Release|Any CPU
	EndGlobalSection
	GlobalSection(SolutionProperties) = preSolution
		HideSolutionNode = FALSE
	EndGlobalSection
	GlobalSection(ExtensibilityGlobals) = postSolution
		SolutionGuid = {D7117220-B655-4899-9E10-9F2DDAF34EF9}
	EndGlobalSection
EndGlobal
